
Microsoft Visual Studio Solution File, Format Version 12.00
# Visual Studio Version 16
VisualStudioVersion = 16.0.30406.217
MinimumVisualStudioVersion = 10.0.40219.1
Project("{9A19103F-16F7-4668-BE54-9A1E7A4F7556}") = "KafkaExample.WorkerService", "KafkaExample.WorkerService\KafkaExample.WorkerService.csproj", "{66E6B6DA-2A20-4784-B157-DCFC2751EC3C}"
EndProject
Project("{9A19103F-16F7-4668-BE54-9A1E7A4F7556}") = "KafkaExample.Api", "KafkaExample.Api\KafkaExample.Api.csproj", "{AC4BD99A-2E11-49FC-8FA7-59B4444B5DD4}"
EndProject
Project("{FAE04EC0-301F-11D3-BF4B-00C04F79EFBC}") = "KafkaExample.Contracts", "KafkaExample.Contracts\KafkaExample.Contracts.csproj", "{D39EDD36-0601-4F41-BFF8-B0F4D59F27E7}"
EndProject
Global
	GlobalSection(SolutionConfigurationPlatforms) = preSolution
		Debug|Any CPU = Debug|Any CPU
		Release|Any CPU = Release|Any CPU
	EndGlobalSection
	GlobalSection(ProjectConfigurationPlatforms) = postSolution
		{66E6B6DA-2A20-4784-B157-DCFC2751EC3C}.Debug|Any CPU.ActiveCfg = Debug|Any CPU
		{66E6B6DA-2A20-4784-B157-DCFC2751EC3C}.Debug|Any CPU.Build.0 = Debug|Any CPU
		{66E6B6DA-2A20-4784-B157-DCFC2751EC3C}.Release|Any CPU.ActiveCfg = Release|Any CPU
		{66E6B6DA-2A20-4784-B157-DCFC2751EC3C}.Release|Any CPU.Build.0 = Release|Any CPU
		{AC4BD99A-2E11-49FC-8FA7-59B4444B5DD4}.Debug|Any CPU.ActiveCfg = Debug|Any CPU
		{AC4BD99A-2E11-49FC-8FA7-59B4444B5DD4}.Debug|Any CPU.Build.0 = Debug|Any CPU
		{AC4BD99A-2E11-49FC-8FA7-59B4444B5DD4}.Release|Any CPU.ActiveCfg = Release|Any CPU
		{AC4BD99A-2E11-49FC-8FA7-59B4444B5DD4}.Release|Any CPU.Build.0 = Release|Any CPU
		{D39EDD36-0601-4F41-BFF8-B0F4D59F27E7}.Debug|Any CPU.ActiveCfg = Debug|Any CPU
		{D39EDD36-0601-4F41-BFF8-B0F4D59F27E7}.Debug|Any CPU.Build.0 = Debug|Any CPU
		{D39EDD36-0601-4F41-BFF8-B0F4D59F27E7}.Release|Any CPU.ActiveCfg = Release|Any CPU
		{D39EDD36-0601-4F41-BFF8-B0F4D59F27E7}.Release|Any CPU.Build.0 = Release|Any CPU
	EndGlobalSection
	GlobalSection(SolutionProperties) = preSolution
		HideSolutionNode = FALSE
	EndGlobalSection
	GlobalSection(ExtensibilityGlobals) = postSolution
		SolutionGuid = {99B7BCEB-C099-44B0-B236-1F8D57F1D4AC}
	EndGlobalSection
EndGlobal
